// !$*UTF8*$!
{
	archiveVersion = 1;
	classes = {
	};
	objectVersion = 56;
	objects = {

/* Begin PBXBuildFile section */
		A47E416C2B68E49A00D36675 /* KidSignAppApp.swift in Sources */ = {isa = PBXBuildFile; fileRef = A47E416B2B68E49A00D36675 /* KidSignAppApp.swift */; };
		A47E416E2B68E49A00D36675 /* ContentView.swift in Sources */ = {isa = PBXBuildFile; fileRef = A47E416D2B68E49A00D36675 /* ContentView.swift */; };
		A47E41702B68E49B00D36675 /* Assets.xcassets in Resources */ = {isa = PBXBuildFile; fileRef = A47E416F2B68E49B00D36675 /* Assets.xcassets */; };
		A47E41732B68E49B00D36675 /* Preview Assets.xcassets in Resources */ = {isa = PBXBuildFile; fileRef = A47E41722B68E49B00D36675 /* Preview Assets.xcassets */; };
		A950D4122B6A44F0009B387C /* SleepIView.swift in Sources */ = {isa = PBXBuildFile; fileRef = A950D4112B6A44F0009B387C /* SleepIView.swift */; };
		A950D4172B6A4883009B387C /* fullword.gif in Resources */ = {isa = PBXBuildFile; fileRef = A950D4162B6A4883009B387C /* fullword.gif */; };
		A950D4192B6A48A5009B387C /* bath.gif in Resources */ = {isa = PBXBuildFile; fileRef = A950D4182B6A48A5009B387C /* bath.gif */; };
		A950D41D2B6A48C2009B387C /* washface.gif in Resources */ = {isa = PBXBuildFile; fileRef = A950D41C2B6A48C2009B387C /* washface.gif */; };
		A950D41F2B6A48C9009B387C /* boring.gif in Resources */ = {isa = PBXBuildFile; fileRef = A950D41E2B6A48C9009B387C /* boring.gif */; };
		A950D4212B6A48D1009B387C /* boringword.gif in Resources */ = {isa = PBXBuildFile; fileRef = A950D4202B6A48D1009B387C /* boringword.gif */; };
		A950D4262B6A495C009B387C /* brushingword.gif in Resources */ = {isa = PBXBuildFile; fileRef = A950D4252B6A495C009B387C /* brushingword.gif */; };
		A950D4282B6A4962009B387C /* brushing.gif in Resources */ = {isa = PBXBuildFile; fileRef = A950D4272B6A4962009B387C /* brushing.gif */; };
		A950D42A2B6A4971009B387C /* sleepword.gif in Resources */ = {isa = PBXBuildFile; fileRef = A950D4292B6A4971009B387C /* sleepword.gif */; };
		A950D42C2B6A497D009B387C /* sleep.gif in Resources */ = {isa = PBXBuildFile; fileRef = A950D42B2B6A497D009B387C /* sleep.gif */; };
		A950D42E2B6A4996009B387C /* schoolword.gif in Resources */ = {isa = PBXBuildFile; fileRef = A950D42D2B6A4996009B387C /* schoolword.gif */; };
		A950D4302B6A499D009B387C /* school.gif in Resources */ = {isa = PBXBuildFile; fileRef = A950D42F2B6A499D009B387C /* school.gif */; };
		A950D4322B6A49E4009B387C /* excitedword.gif in Resources */ = {isa = PBXBuildFile; fileRef = A950D4312B6A49E4009B387C /* excitedword.gif */; };
		A9930B162B68F60B004507C5 /* HappyView.swift in Sources */ = {isa = PBXBuildFile; fileRef = A9930B152B68F60B004507C5 /* HappyView.swift */; };
		A9CFA88B2B68FED700032396 /* SadView.swift in Sources */ = {isa = PBXBuildFile; fileRef = A9CFA88A2B68FED700032396 /* SadView.swift */; };
		A9CFA88D2B69334100032396 /* HungryView.swift in Sources */ = {isa = PBXBuildFile; fileRef = A9CFA88C2B69334100032396 /* HungryView.swift */; };
		F01A52A42B6A3A250085BCC3 /* PageView.swift in Sources */ = {isa = PBXBuildFile; fileRef = F01A52A32B6A3A250085BCC3 /* PageView.swift */; };
		F01A52A62B6A3B160085BCC3 /* happy.gif in Resources */ = {isa = PBXBuildFile; fileRef = F01A52A52B6A3B160085BCC3 /* happy.gif */; };
		F01A52A82B6A3B2A0085BCC3 /* happyword.gif in Resources */ = {isa = PBXBuildFile; fileRef = F01A52A72B6A3B2A0085BCC3 /* happyword.gif */; };
		F01A52AA2B6A3BA50085BCC3 /* sad.gif in Resources */ = {isa = PBXBuildFile; fileRef = F01A52A92B6A3BA50085BCC3 /* sad.gif */; };
		F01A52AC2B6A3BAB0085BCC3 /* sadword.gif in Resources */ = {isa = PBXBuildFile; fileRef = F01A52AB2B6A3BAB0085BCC3 /* sadword.gif */; };
		F01A52AE2B6A3BCB0085BCC3 /* washhand.gif in Resources */ = {isa = PBXBuildFile; fileRef = F01A52AD2B6A3BCB0085BCC3 /* washhand.gif */; };
		F01A52B02B6A3BD00085BCC3 /* washhandword.gif in Resources */ = {isa = PBXBuildFile; fileRef = F01A52AF2B6A3BD00085BCC3 /* washhandword.gif */; };
		F01A52B22B6A3BD80085BCC3 /* toilet.gif in Resources */ = {isa = PBXBuildFile; fileRef = F01A52B12B6A3BD80085BCC3 /* toilet.gif */; };
		F01A52B42B6A3BDE0085BCC3 /* toiletword.gif in Resources */ = {isa = PBXBuildFile; fileRef = F01A52B32B6A3BDE0085BCC3 /* toiletword.gif */; };
		F01A52B62B6A3BF10085BCC3 /* hungry.gif in Resources */ = {isa = PBXBuildFile; fileRef = F01A52B52B6A3BF10085BCC3 /* hungry.gif */; };
		F01A52B82B6A3BF80085BCC3 /* hungryword.gif in Resources */ = {isa = PBXBuildFile; fileRef = F01A52B72B6A3BF80085BCC3 /* hungryword.gif */; };
		F01A52BA2B6A3BFF0085BCC3 /* thirsty.gif in Resources */ = {isa = PBXBuildFile; fileRef = F01A52B92B6A3BFF0085BCC3 /* thirsty.gif */; };
		F01A52BC2B6A3C0B0085BCC3 /* thirstyword.gif in Resources */ = {isa = PBXBuildFile; fileRef = F01A52BB2B6A3C0B0085BCC3 /* thirstyword.gif */; };
		F01A52BE2B6A3C150085BCC3 /* kg.gif in Resources */ = {isa = PBXBuildFile; fileRef = F01A52BD2B6A3C150085BCC3 /* kg.gif */; };
		F01A52C02B6A3C1A0085BCC3 /* kgword.gif in Resources */ = {isa = PBXBuildFile; fileRef = F01A52BF2B6A3C1A0085BCC3 /* kgword.gif */; };
		F01A52C22B6A3C540085BCC3 /* toilteView.swift in Sources */ = {isa = PBXBuildFile; fileRef = F01A52C12B6A3C540085BCC3 /* toilteView.swift */; };
		F01A52C62B6A3DB70085BCC3 /* changeclothesView.swift in Sources */ = {isa = PBXBuildFile; fileRef = F01A52C52B6A3DB70085BCC3 /* changeclothesView.swift */; };
		F01A52C82B6A433C0085BCC3 /* change.gif in Resources */ = {isa = PBXBuildFile; fileRef = F01A52C72B6A433C0085BCC3 /* change.gif */; };
		F01A52CA2B6A43420085BCC3 /* changeword.gif in Resources */ = {isa = PBXBuildFile; fileRef = F01A52C92B6A43420085BCC3 /* changeword.gif */; };
		F01A52CC2B6A47090085BCC3 /* bathView.swift in Sources */ = {isa = PBXBuildFile; fileRef = F01A52CB2B6A47090085BCC3 /* bathView.swift */; };
		F01A52CE2B6A472F0085BCC3 /* washfaceView.swift in Sources */ = {isa = PBXBuildFile; fileRef = F01A52CD2B6A472F0085BCC3 /* washfaceView.swift */; };
		F01A52D02B6A47520085BCC3 /* boringView.swift in Sources */ = {isa = PBXBuildFile; fileRef = F01A52CF2B6A47520085BCC3 /* boringView.swift */; };
		F01A52D22B6A47780085BCC3 /* excitedView.swift in Sources */ = {isa = PBXBuildFile; fileRef = F01A52D12B6A47780085BCC3 /* excitedView.swift */; };
		F01A52D42B6A47990085BCC3 /* fullView.swift in Sources */ = {isa = PBXBuildFile; fileRef = F01A52D32B6A47990085BCC3 /* fullView.swift */; };
		F01A52D62B6A47D50085BCC3 /* SchoolView.swift in Sources */ = {isa = PBXBuildFile; fileRef = F01A52D52B6A47D50085BCC3 /* SchoolView.swift */; };
		F01A52D82B6A48070085BCC3 /* brushingView.swift in Sources */ = {isa = PBXBuildFile; fileRef = F01A52D72B6A48070085BCC3 /* brushingView.swift */; };
		F059599E2B69153E002061DA /* Progress.swift in Sources */ = {isa = PBXBuildFile; fileRef = F059599D2B69153E002061DA /* Progress.swift */; };
		F05959A12B6919D7002061DA /* KgView.swift in Sources */ = {isa = PBXBuildFile; fileRef = F05959A02B6919D7002061DA /* KgView.swift */; };
		F06366B52B6A327A004A4C1B /* thirstyView.swift in Sources */ = {isa = PBXBuildFile; fileRef = F06366B42B6A327A004A4C1B /* thirstyView.swift */; };
		F06366BD2B6A35FC004A4C1B /* GifImage.swift in Sources */ = {isa = PBXBuildFile; fileRef = F06366BC2B6A35FC004A4C1B /* GifImage.swift */; };
		F06E67202B68F7220073D6A9 /* Model.swift in Sources */ = {isa = PBXBuildFile; fileRef = F06E671F2B68F7220073D6A9 /* Model.swift */; };
		F0B5CE4F2B6A49C9001B5EAF /* washhandView.swift in Sources */ = {isa = PBXBuildFile; fileRef = F0B5CE4E2B6A49BE001B5EAF /* washhandView.swift */; };
/* End PBXBuildFile section */

/* Begin PBXFileReference section */
		A47E41682B68E49A00D36675 /* KidSignApp.app */ = {isa = PBXFileReference; explicitFileType = wrapper.application; includeInIndex = 0; path = KidSignApp.app; sourceTree = BUILT_PRODUCTS_DIR; };
		A47E416B2B68E49A00D36675 /* KidSignAppApp.swift */ = {isa = PBXFileReference; lastKnownFileType = sourcecode.swift; path = KidSignAppApp.swift; sourceTree = "<group>"; };
		A47E416D2B68E49A00D36675 /* ContentView.swift */ = {isa = PBXFileReference; lastKnownFileType = sourcecode.swift; path = ContentView.swift; sourceTree = "<group>"; };
		A47E416F2B68E49B00D36675 /* Assets.xcassets */ = {isa = PBXFileReference; lastKnownFileType = folder.assetcatalog; path = Assets.xcassets; sourceTree = "<group>"; };
		A47E41722B68E49B00D36675 /* Preview Assets.xcassets */ = {isa = PBXFileReference; lastKnownFileType = folder.assetcatalog; path = "Preview Assets.xcassets"; sourceTree = "<group>"; };
		A950D4112B6A44F0009B387C /* SleepIView.swift */ = {isa = PBXFileReference; lastKnownFileType = sourcecode.swift; path = SleepIView.swift; sourceTree = "<group>"; };
		A950D4152B6A487D009B387C /* full.gif */ = {isa = PBXFileReference; lastKnownFileType = image.gif; path = full.gif; sourceTree = "<group>"; };
		A950D4162B6A4883009B387C /* fullword.gif */ = {isa = PBXFileReference; lastKnownFileType = image.gif; name = fullword.gif; path = ../../../food/fullword.gif; sourceTree = "<group>"; };
		A950D4182B6A48A5009B387C /* bath.gif */ = {isa = PBXFileReference; lastKnownFileType = image.gif; name = bath.gif; path = ../../../bath.gif; sourceTree = "<group>"; };
		A950D41C2B6A48C2009B387C /* washface.gif */ = {isa = PBXFileReference; lastKnownFileType = image.gif; name = washface.gif; path = ../../../washface.gif; sourceTree = "<group>"; };
		A950D41E2B6A48C9009B387C /* boring.gif */ = {isa = PBXFileReference; lastKnownFileType = image.gif; name = boring.gif; path = ../../../boring.gif; sourceTree = "<group>"; };
		A950D4202B6A48D1009B387C /* boringword.gif */ = {isa = PBXFileReference; lastKnownFileType = image.gif; name = boringword.gif; path = ../../../boringword.gif; sourceTree = "<group>"; };
		A950D4252B6A495C009B387C /* brushingword.gif */ = {isa = PBXFileReference; lastKnownFileType = image.gif; name = brushingword.gif; path = ../../../sleep/brushingword.gif; sourceTree = "<group>"; };
		A950D4272B6A4962009B387C /* brushing.gif */ = {isa = PBXFileReference; lastKnownFileType = image.gif; name = brushing.gif; path = ../../../sleep/brushing.gif; sourceTree = "<group>"; };
		A950D4292B6A4971009B387C /* sleepword.gif */ = {isa = PBXFileReference; lastKnownFileType = image.gif; name = sleepword.gif; path = ../../../sleep/sleepword.gif; sourceTree = "<group>"; };
		A950D42B2B6A497D009B387C /* sleep.gif */ = {isa = PBXFileReference; lastKnownFileType = image.gif; name = sleep.gif; path = ../../../sleep/sleep.gif; sourceTree = "<group>"; };
		A950D42D2B6A4996009B387C /* schoolword.gif */ = {isa = PBXFileReference; lastKnownFileType = image.gif; name = schoolword.gif; path = ../../../school/schoolword.gif; sourceTree = "<group>"; };
		A950D42F2B6A499D009B387C /* school.gif */ = {isa = PBXFileReference; lastKnownFileType = image.gif; name = school.gif; path = ../../../school/school.gif; sourceTree = "<group>"; };
		A950D4312B6A49E4009B387C /* excitedword.gif */ = {isa = PBXFileReference; lastKnownFileType = image.gif; name = excitedword.gif; path = ../../../excitedword.gif; sourceTree = "<group>"; };
		A9930B152B68F60B004507C5 /* HappyView.swift */ = {isa = PBXFileReference; lastKnownFileType = sourcecode.swift; path = HappyView.swift; sourceTree = "<group>"; };
		A9CFA88A2B68FED700032396 /* SadView.swift */ = {isa = PBXFileReference; lastKnownFileType = sourcecode.swift; path = SadView.swift; sourceTree = "<group>"; };
		A9CFA88C2B69334100032396 /* HungryView.swift */ = {isa = PBXFileReference; lastKnownFileType = sourcecode.swift; path = HungryView.swift; sourceTree = "<group>"; };
		F01A52A32B6A3A250085BCC3 /* PageView.swift */ = {isa = PBXFileReference; lastKnownFileType = sourcecode.swift; path = PageView.swift; sourceTree = "<group>"; };
		F01A52A52B6A3B160085BCC3 /* happy.gif */ = {isa = PBXFileReference; lastKnownFileType = image.gif; path = happy.gif; sourceTree = "<group>"; };
		F01A52A72B6A3B2A0085BCC3 /* happyword.gif */ = {isa = PBXFileReference; lastKnownFileType = image.gif; path = happyword.gif; sourceTree = "<group>"; };
		F01A52A92B6A3BA50085BCC3 /* sad.gif */ = {isa = PBXFileReference; lastKnownFileType = image.gif; path = sad.gif; sourceTree = "<group>"; };
		F01A52AB2B6A3BAB0085BCC3 /* sadword.gif */ = {isa = PBXFileReference; lastKnownFileType = image.gif; path = sadword.gif; sourceTree = "<group>"; };
		F01A52AD2B6A3BCB0085BCC3 /* washhand.gif */ = {isa = PBXFileReference; lastKnownFileType = image.gif; path = washhand.gif; sourceTree = "<group>"; };
		F01A52AF2B6A3BD00085BCC3 /* washhandword.gif */ = {isa = PBXFileReference; lastKnownFileType = image.gif; path = washhandword.gif; sourceTree = "<group>"; };
		F01A52B12B6A3BD80085BCC3 /* toilet.gif */ = {isa = PBXFileReference; lastKnownFileType = image.gif; path = toilet.gif; sourceTree = "<group>"; };
		F01A52B32B6A3BDE0085BCC3 /* toiletword.gif */ = {isa = PBXFileReference; lastKnownFileType = image.gif; path = toiletword.gif; sourceTree = "<group>"; };
		F01A52B52B6A3BF10085BCC3 /* hungry.gif */ = {isa = PBXFileReference; lastKnownFileType = image.gif; path = hungry.gif; sourceTree = "<group>"; };
		F01A52B72B6A3BF80085BCC3 /* hungryword.gif */ = {isa = PBXFileReference; lastKnownFileType = image.gif; path = hungryword.gif; sourceTree = "<group>"; };
		F01A52B92B6A3BFF0085BCC3 /* thirsty.gif */ = {isa = PBXFileReference; lastKnownFileType = image.gif; path = thirsty.gif; sourceTree = "<group>"; };
		F01A52BB2B6A3C0B0085BCC3 /* thirstyword.gif */ = {isa = PBXFileReference; lastKnownFileType = image.gif; path = thirstyword.gif; sourceTree = "<group>"; };
		F01A52BD2B6A3C150085BCC3 /* kg.gif */ = {isa = PBXFileReference; lastKnownFileType = image.gif; path = kg.gif; sourceTree = "<group>"; };
		F01A52BF2B6A3C1A0085BCC3 /* kgword.gif */ = {isa = PBXFileReference; lastKnownFileType = image.gif; path = kgword.gif; sourceTree = "<group>"; };
		F01A52C12B6A3C540085BCC3 /* toilteView.swift */ = {isa = PBXFileReference; lastKnownFileType = sourcecode.swift; path = toilteView.swift; sourceTree = "<group>"; };
		F01A52C52B6A3DB70085BCC3 /* changeclothesView.swift */ = {isa = PBXFileReference; lastKnownFileType = sourcecode.swift; path = changeclothesView.swift; sourceTree = "<group>"; };
		F01A52C72B6A433C0085BCC3 /* change.gif */ = {isa = PBXFileReference; lastKnownFileType = image.gif; path = change.gif; sourceTree = "<group>"; };
		F01A52C92B6A43420085BCC3 /* changeword.gif */ = {isa = PBXFileReference; lastKnownFileType = image.gif; path = changeword.gif; sourceTree = "<group>"; };
		F01A52CB2B6A47090085BCC3 /* bathView.swift */ = {isa = PBXFileReference; lastKnownFileType = sourcecode.swift; path = bathView.swift; sourceTree = "<group>"; };
		F01A52CD2B6A472F0085BCC3 /* washfaceView.swift */ = {isa = PBXFileReference; lastKnownFileType = sourcecode.swift; path = washfaceView.swift; sourceTree = "<group>"; };
		F01A52CF2B6A47520085BCC3 /* boringView.swift */ = {isa = PBXFileReference; lastKnownFileType = sourcecode.swift; path = boringView.swift; sourceTree = "<group>"; };
		F01A52D12B6A47780085BCC3 /* excitedView.swift */ = {isa = PBXFileReference; lastKnownFileType = sourcecode.swift; path = excitedView.swift; sourceTree = "<group>"; };
		F01A52D32B6A47990085BCC3 /* fullView.swift */ = {isa = PBXFileReference; lastKnownFileType = sourcecode.swift; path = fullView.swift; sourceTree = "<group>"; };
		F01A52D52B6A47D50085BCC3 /* SchoolView.swift */ = {isa = PBXFileReference; lastKnownFileType = sourcecode.swift; path = SchoolView.swift; sourceTree = "<group>"; };
		F01A52D72B6A48070085BCC3 /* brushingView.swift */ = {isa = PBXFileReference; lastKnownFileType = sourcecode.swift; path = brushingView.swift; sourceTree = "<group>"; };
		F059599D2B69153E002061DA /* Progress.swift */ = {isa = PBXFileReference; lastKnownFileType = sourcecode.swift; path = Progress.swift; sourceTree = "<group>"; };
		F05959A02B6919D7002061DA /* KgView.swift */ = {isa = PBXFileReference; lastKnownFileType = sourcecode.swift; path = KgView.swift; sourceTree = "<group>"; };
		F06366B42B6A327A004A4C1B /* thirstyView.swift */ = {isa = PBXFileReference; lastKnownFileType = sourcecode.swift; path = thirstyView.swift; sourceTree = "<group>"; };
		F06366BC2B6A35FC004A4C1B /* GifImage.swift */ = {isa = PBXFileReference; lastKnownFileType = sourcecode.swift; path = GifImage.swift; sourceTree = "<group>"; };
		F06E671F2B68F7220073D6A9 /* Model.swift */ = {isa = PBXFileReference; lastKnownFileType = sourcecode.swift; path = Model.swift; sourceTree = "<group>"; };
		F0B5CE4E2B6A49BE001B5EAF /* washhandView.swift */ = {isa = PBXFileReference; lastKnownFileType = sourcecode.swift; path = washhandView.swift; sourceTree = "<group>"; };
/* End PBXFileReference section */

/* Begin PBXFrameworksBuildPhase section */
		A47E41652B68E49A00D36675 /* Frameworks */ = {
			isa = PBXFrameworksBuildPhase;
			buildActionMask = 2147483647;
			files = (
			);
			runOnlyForDeploymentPostprocessing = 0;
		};
/* End PBXFrameworksBuildPhase section */

/* Begin PBXGroup section */
		A47E415F2B68E49A00D36675 = {
			isa = PBXGroup;
			children = (
				F059599F2B691959002061DA /* Views */,
				A47E416A2B68E49A00D36675 /* KidSignApp */,
				A47E41692B68E49A00D36675 /* Products */,
			);
			sourceTree = "<group>";
		};
		A47E41692B68E49A00D36675 /* Products */ = {
			isa = PBXGroup;
			children = (
				A47E41682B68E49A00D36675 /* KidSignApp.app */,
			);
			name = Products;
			sourceTree = "<group>";
		};
		A47E416A2B68E49A00D36675 /* KidSignApp */ = {
			isa = PBXGroup;
			children = (
				F01A52D72B6A48070085BCC3 /* brushingView.swift */,
				F01A52D52B6A47D50085BCC3 /* SchoolView.swift */,
				F01A52D32B6A47990085BCC3 /* fullView.swift */,
				F01A52D12B6A47780085BCC3 /* excitedView.swift */,
				F01A52CF2B6A47520085BCC3 /* boringView.swift */,
				F01A52CB2B6A47090085BCC3 /* bathView.swift */,
				A950D4112B6A44F0009B387C /* SleepIView.swift */,
				F01A52CD2B6A472F0085BCC3 /* washfaceView.swift */,
				A47E416B2B68E49A00D36675 /* KidSignAppApp.swift */,
				F01A52A32B6A3A250085BCC3 /* PageView.swift */,
				F06366BC2B6A35FC004A4C1B /* GifImage.swift */,
				F06E671F2B68F7220073D6A9 /* Model.swift */,
				F059599D2B69153E002061DA /* Progress.swift */,
				A47E416D2B68E49A00D36675 /* ContentView.swift */,
				A47E416F2B68E49B00D36675 /* Assets.xcassets */,
				A47E417B2B68E78600D36675 /* Words */,
				A47E417C2B68E82F00D36675 /* Sentences */,
				A47E41712B68E49B00D36675 /* Preview Content */,
			);
			path = KidSignApp;
			sourceTree = "<group>";
		};
		A47E41712B68E49B00D36675 /* Preview Content */ = {
			isa = PBXGroup;
			children = (
				A47E41722B68E49B00D36675 /* Preview Assets.xcassets */,
			);
			path = "Preview Content";
			sourceTree = "<group>";
		};
		A47E417B2B68E78600D36675 /* Words */ = {
			isa = PBXGroup;
			children = (
				F01A52A72B6A3B2A0085BCC3 /* happyword.gif */,
				F01A52AB2B6A3BAB0085BCC3 /* sadword.gif */,
				A950D4312B6A49E4009B387C /* excitedword.gif */,
				A950D4202B6A48D1009B387C /* boringword.gif */,
				F01A52AF2B6A3BD00085BCC3 /* washhandword.gif */,
				F01A52B32B6A3BDE0085BCC3 /* toiletword.gif */,
				A950D4252B6A495C009B387C /* brushingword.gif */,
				F01A52B72B6A3BF80085BCC3 /* hungryword.gif */,
				F01A52BB2B6A3C0B0085BCC3 /* thirstyword.gif */,
				A950D4162B6A4883009B387C /* fullword.gif */,
				F01A52C92B6A43420085BCC3 /* changeword.gif */,
				A950D4292B6A4971009B387C /* sleepword.gif */,
				F01A52BF2B6A3C1A0085BCC3 /* kgword.gif */,
				A950D42D2B6A4996009B387C /* schoolword.gif */,
			);
			path = Words;
			sourceTree = "<group>";
		};
		A47E417C2B68E82F00D36675 /* Sentences */ = {
			isa = PBXGroup;
			children = (
				F01A52A92B6A3BA50085BCC3 /* sad.gif */,
				A950D41E2B6A48C9009B387C /* boring.gif */,
				F01A52A52B6A3B160085BCC3 /* happy.gif */,
				A950D4272B6A4962009B387C /* brushing.gif */,
				A950D42B2B6A497D009B387C /* sleep.gif */,
				A950D41C2B6A48C2009B387C /* washface.gif */,
				F01A52AD2B6A3BCB0085BCC3 /* washhand.gif */,
				F01A52B12B6A3BD80085BCC3 /* toilet.gif */,
				A950D4182B6A48A5009B387C /* bath.gif */,
				F01A52C72B6A433C0085BCC3 /* change.gif */,
				A950D4152B6A487D009B387C /* full.gif */,
				F01A52B52B6A3BF10085BCC3 /* hungry.gif */,
				F01A52B92B6A3BFF0085BCC3 /* thirsty.gif */,
				A950D42F2B6A499D009B387C /* school.gif */,
				F01A52BD2B6A3C150085BCC3 /* kg.gif */,
			);
			path = Sentences;
			sourceTree = "<group>";
		};
		F059599F2B691959002061DA /* Views */ = {
			isa = PBXGroup;
			children = (
				A9930B152B68F60B004507C5 /* HappyView.swift */,
				A9CFA88A2B68FED700032396 /* SadView.swift */,
				F05959A02B6919D7002061DA /* KgView.swift */,
				A9CFA88C2B69334100032396 /* HungryView.swift */,
				F06366B42B6A327A004A4C1B /* thirstyView.swift */,
				F01A52C12B6A3C540085BCC3 /* toilteView.swift */,
				F01A52C52B6A3DB70085BCC3 /* changeclothesView.swift */,
				F0B5CE4E2B6A49BE001B5EAF /* washhandView.swift */,
			);
			path = Views;
			sourceTree = "<group>";
		};
/* End PBXGroup section */

/* Begin PBXNativeTarget section */
		A47E41672B68E49A00D36675 /* KidSignApp */ = {
			isa = PBXNativeTarget;
			buildConfigurationList = A47E41762B68E49B00D36675 /* Build configuration list for PBXNativeTarget "KidSignApp" */;
			buildPhases = (
				A47E41642B68E49A00D36675 /* Sources */,
				A47E41652B68E49A00D36675 /* Frameworks */,
				A47E41662B68E49A00D36675 /* Resources */,
			);
			buildRules = (
			);
			dependencies = (
			);
			name = KidSignApp;
			productName = KidSignApp;
			productReference = A47E41682B68E49A00D36675 /* KidSignApp.app */;
			productType = "com.apple.product-type.application";
		};
/* End PBXNativeTarget section */

/* Begin PBXProject section */
		A47E41602B68E49A00D36675 /* Project object */ = {
			isa = PBXProject;
			attributes = {
				BuildIndependentTargetsInParallel = 1;
				LastSwiftUpdateCheck = 1520;
				LastUpgradeCheck = 1520;
				TargetAttributes = {
					A47E41672B68E49A00D36675 = {
						CreatedOnToolsVersion = 15.2;
					};
				};
			};
			buildConfigurationList = A47E41632B68E49A00D36675 /* Build configuration list for PBXProject "KidSignApp" */;
			compatibilityVersion = "Xcode 14.0";
			developmentRegion = en;
			hasScannedForEncodings = 0;
			knownRegions = (
				en,
				Base,
			);
			mainGroup = A47E415F2B68E49A00D36675;
			productRefGroup = A47E41692B68E49A00D36675 /* Products */;
			projectDirPath = "";
			projectRoot = "";
			targets = (
				A47E41672B68E49A00D36675 /* KidSignApp */,
			);
		};
/* End PBXProject section */

/* Begin PBXResourcesBuildPhase section */
		A47E41662B68E49A00D36675 /* Resources */ = {
			isa = PBXResourcesBuildPhase;
			buildActionMask = 2147483647;
			files = (
				F01A52AE2B6A3BCB0085BCC3 /* washhand.gif in Resources */,
				A950D4322B6A49E4009B387C /* excitedword.gif in Resources */,
				A47E41732B68E49B00D36675 /* Preview Assets.xcassets in Resources */,
				A950D42E2B6A4996009B387C /* schoolword.gif in Resources */,
				A950D41D2B6A48C2009B387C /* washface.gif in Resources */,
				F01A52AC2B6A3BAB0085BCC3 /* sadword.gif in Resources */,
				F01A52B22B6A3BD80085BCC3 /* toilet.gif in Resources */,
				F01A52C82B6A433C0085BCC3 /* change.gif in Resources */,
				A950D4212B6A48D1009B387C /* boringword.gif in Resources */,
				F01A52A62B6A3B160085BCC3 /* happy.gif in Resources */,
				A950D4172B6A4883009B387C /* fullword.gif in Resources */,
				A950D4192B6A48A5009B387C /* bath.gif in Resources */,
				A950D4262B6A495C009B387C /* brushingword.gif in Resources */,
				F01A52B62B6A3BF10085BCC3 /* hungry.gif in Resources */,
				F01A52B42B6A3BDE0085BCC3 /* toiletword.gif in Resources */,
				F01A52CA2B6A43420085BCC3 /* changeword.gif in Resources */,
				F01A52B82B6A3BF80085BCC3 /* hungryword.gif in Resources */,
				A950D4282B6A4962009B387C /* brushing.gif in Resources */,
				A950D42A2B6A4971009B387C /* sleepword.gif in Resources */,
				F01A52BC2B6A3C0B0085BCC3 /* thirstyword.gif in Resources */,
				A950D4302B6A499D009B387C /* school.gif in Resources */,
				A47E41702B68E49B00D36675 /* Assets.xcassets in Resources */,
				A950D42C2B6A497D009B387C /* sleep.gif in Resources */,
				F01A52BE2B6A3C150085BCC3 /* kg.gif in Resources */,
				F01A52A82B6A3B2A0085BCC3 /* happyword.gif in Resources */,
				F01A52C02B6A3C1A0085BCC3 /* kgword.gif in Resources */,
				F01A52BA2B6A3BFF0085BCC3 /* thirsty.gif in Resources */,
				F01A52B02B6A3BD00085BCC3 /* washhandword.gif in Resources */,
				A950D41F2B6A48C9009B387C /* boring.gif in Resources */,
				F01A52AA2B6A3BA50085BCC3 /* sad.gif in Resources */,
			);
			runOnlyForDeploymentPostprocessing = 0;
		};
/* End PBXResourcesBuildPhase section */

/* Begin PBXSourcesBuildPhase section */
		A47E41642B68E49A00D36675 /* Sources */ = {
			isa = PBXSourcesBuildPhase;
			buildActionMask = 2147483647;
			files = (
				F01A52C62B6A3DB70085BCC3 /* changeclothesView.swift in Sources */,
				A47E416E2B68E49A00D36675 /* ContentView.swift in Sources */,
				A9CFA88B2B68FED700032396 /* SadView.swift in Sources */,
				F06366B52B6A327A004A4C1B /* thirstyView.swift in Sources */,
				F01A52CC2B6A47090085BCC3 /* bathView.swift in Sources */,
				F01A52D22B6A47780085BCC3 /* excitedView.swift in Sources */,
				A9930B162B68F60B004507C5 /* HappyView.swift in Sources */,
				F06E67202B68F7220073D6A9 /* Model.swift in Sources */,
				F0B5CE4F2B6A49C9001B5EAF /* washhandView.swift in Sources */,
				A950D4122B6A44F0009B387C /* SleepIView.swift in Sources */,
				A9CFA88D2B69334100032396 /* HungryView.swift in Sources */,
				F01A52D82B6A48070085BCC3 /* brushingView.swift in Sources */,
				F01A52D62B6A47D50085BCC3 /* SchoolView.swift in Sources */,
				F01A52D02B6A47520085BCC3 /* boringView.swift in Sources */,
				F01A52D42B6A47990085BCC3 /* fullView.swift in Sources */,
				F05959A12B6919D7002061DA /* KgView.swift in Sources */,
				F01A52CE2B6A472F0085BCC3 /* washfaceView.swift in Sources */,
				F01A52C22B6A3C540085BCC3 /* toilteView.swift in Sources */,
				F01A52A42B6A3A250085BCC3 /* PageView.swift in Sources */,
				F06366BD2B6A35FC004A4C1B /* GifImage.swift in Sources */,
				F059599E2B69153E002061DA /* Progress.swift in Sources */,
				A47E416C2B68E49A00D36675 /* KidSignAppApp.swift in Sources */,
			);
			runOnlyForDeploymentPostprocessing = 0;
		};
/* End PBXSourcesBuildPhase section */

/* Begin XCBuildConfiguration section */
		A47E41742B68E49B00D36675 /* Debug */ = {
			isa = XCBuildConfiguration;
			buildSettings = {
				ALWAYS_SEARCH_USER_PATHS = NO;
				ASSETCATALOG_COMPILER_GENERATE_SWIFT_ASSET_SYMBOL_EXTENSIONS = YES;
				CLANG_ANALYZER_NONNULL = YES;
				CLANG_ANALYZER_NUMBER_OBJECT_CONVERSION = YES_AGGRESSIVE;
				CLANG_CXX_LANGUAGE_STANDARD = "gnu++20";
				CLANG_ENABLE_MODULES = YES;
				CLANG_ENABLE_OBJC_ARC = YES;
				CLANG_ENABLE_OBJC_WEAK = YES;
				CLANG_WARN_BLOCK_CAPTURE_AUTORELEASING = YES;
				CLANG_WARN_BOOL_CONVERSION = YES;
				CLANG_WARN_COMMA = YES;
				CLANG_WARN_CONSTANT_CONVERSION = YES;
				CLANG_WARN_DEPRECATED_OBJC_IMPLEMENTATIONS = YES;
				CLANG_WARN_DIRECT_OBJC_ISA_USAGE = YES_ERROR;
				CLANG_WARN_DOCUMENTATION_COMMENTS = YES;
				CLANG_WARN_EMPTY_BODY = YES;
				CLANG_WARN_ENUM_CONVERSION = YES;
				CLANG_WARN_INFINITE_RECURSION = YES;
				CLANG_WARN_INT_CONVERSION = YES;
				CLANG_WARN_NON_LITERAL_NULL_CONVERSION = YES;
				CLANG_WARN_OBJC_IMPLICIT_RETAIN_SELF = YES;
				CLANG_WARN_OBJC_LITERAL_CONVERSION = YES;
				CLANG_WARN_OBJC_ROOT_CLASS = YES_ERROR;
				CLANG_WARN_QUOTED_INCLUDE_IN_FRAMEWORK_HEADER = YES;
				CLANG_WARN_RANGE_LOOP_ANALYSIS = YES;
				CLANG_WARN_STRICT_PROTOTYPES = YES;
				CLANG_WARN_SUSPICIOUS_MOVE = YES;
				CLANG_WARN_UNGUARDED_AVAILABILITY = YES_AGGRESSIVE;
				CLANG_WARN_UNREACHABLE_CODE = YES;
				CLANG_WARN__DUPLICATE_METHOD_MATCH = YES;
				COPY_PHASE_STRIP = NO;
				DEBUG_INFORMATION_FORMAT = dwarf;
				ENABLE_STRICT_OBJC_MSGSEND = YES;
				ENABLE_TESTABILITY = YES;
				ENABLE_USER_SCRIPT_SANDBOXING = YES;
				GCC_C_LANGUAGE_STANDARD = gnu17;
				GCC_DYNAMIC_NO_PIC = NO;
				GCC_NO_COMMON_BLOCKS = YES;
				GCC_OPTIMIZATION_LEVEL = 0;
				GCC_PREPROCESSOR_DEFINITIONS = (
					"DEBUG=1",
					"$(inherited)",
				);
				GCC_WARN_64_TO_32_BIT_CONVERSION = YES;
				GCC_WARN_ABOUT_RETURN_TYPE = YES_ERROR;
				GCC_WARN_UNDECLARED_SELECTOR = YES;
				GCC_WARN_UNINITIALIZED_AUTOS = YES_AGGRESSIVE;
				GCC_WARN_UNUSED_FUNCTION = YES;
				GCC_WARN_UNUSED_VARIABLE = YES;
				IPHONEOS_DEPLOYMENT_TARGET = 17.2;
				LOCALIZATION_PREFERS_STRING_CATALOGS = YES;
				MTL_ENABLE_DEBUG_INFO = INCLUDE_SOURCE;
				MTL_FAST_MATH = YES;
				ONLY_ACTIVE_ARCH = YES;
				SDKROOT = iphoneos;
				SWIFT_ACTIVE_COMPILATION_CONDITIONS = "DEBUG $(inherited)";
				SWIFT_OPTIMIZATION_LEVEL = "-Onone";
			};
			name = Debug;
		};
		A47E41752B68E49B00D36675 /* Release */ = {
			isa = XCBuildConfiguration;
			buildSettings = {
				ALWAYS_SEARCH_USER_PATHS = NO;
				ASSETCATALOG_COMPILER_GENERATE_SWIFT_ASSET_SYMBOL_EXTENSIONS = YES;
				CLANG_ANALYZER_NONNULL = YES;
				CLANG_ANALYZER_NUMBER_OBJECT_CONVERSION = YES_AGGRESSIVE;
				CLANG_CXX_LANGUAGE_STANDARD = "gnu++20";
				CLANG_ENABLE_MODULES = YES;
				CLANG_ENABLE_OBJC_ARC = YES;
				CLANG_ENABLE_OBJC_WEAK = YES;
				CLANG_WARN_BLOCK_CAPTURE_AUTORELEASING = YES;
				CLANG_WARN_BOOL_CONVERSION = YES;
				CLANG_WARN_COMMA = YES;
				CLANG_WARN_CONSTANT_CONVERSION = YES;
				CLANG_WARN_DEPRECATED_OBJC_IMPLEMENTATIONS = YES;
				CLANG_WARN_DIRECT_OBJC_ISA_USAGE = YES_ERROR;
				CLANG_WARN_DOCUMENTATION_COMMENTS = YES;
				CLANG_WARN_EMPTY_BODY = YES;
				CLANG_WARN_ENUM_CONVERSION = YES;
				CLANG_WARN_INFINITE_RECURSION = YES;
				CLANG_WARN_INT_CONVERSION = YES;
				CLANG_WARN_NON_LITERAL_NULL_CONVERSION = YES;
				CLANG_WARN_OBJC_IMPLICIT_RETAIN_SELF = YES;
				CLANG_WARN_OBJC_LITERAL_CONVERSION = YES;
				CLANG_WARN_OBJC_ROOT_CLASS = YES_ERROR;
				CLANG_WARN_QUOTED_INCLUDE_IN_FRAMEWORK_HEADER = YES;
				CLANG_WARN_RANGE_LOOP_ANALYSIS = YES;
				CLANG_WARN_STRICT_PROTOTYPES = YES;
				CLANG_WARN_SUSPICIOUS_MOVE = YES;
				CLANG_WARN_UNGUARDED_AVAILABILITY = YES_AGGRESSIVE;
				CLANG_WARN_UNREACHABLE_CODE = YES;
				CLANG_WARN__DUPLICATE_METHOD_MATCH = YES;
				COPY_PHASE_STRIP = NO;
				DEBUG_INFORMATION_FORMAT = "dwarf-with-dsym";
				ENABLE_NS_ASSERTIONS = NO;
				ENABLE_STRICT_OBJC_MSGSEND = YES;
				ENABLE_USER_SCRIPT_SANDBOXING = YES;
				GCC_C_LANGUAGE_STANDARD = gnu17;
				GCC_NO_COMMON_BLOCKS = YES;
				GCC_WARN_64_TO_32_BIT_CONVERSION = YES;
				GCC_WARN_ABOUT_RETURN_TYPE = YES_ERROR;
				GCC_WARN_UNDECLARED_SELECTOR = YES;
				GCC_WARN_UNINITIALIZED_AUTOS = YES_AGGRESSIVE;
				GCC_WARN_UNUSED_FUNCTION = YES;
				GCC_WARN_UNUSED_VARIABLE = YES;
				IPHONEOS_DEPLOYMENT_TARGET = 17.2;
				LOCALIZATION_PREFERS_STRING_CATALOGS = YES;
				MTL_ENABLE_DEBUG_INFO = NO;
				MTL_FAST_MATH = YES;
				SDKROOT = iphoneos;
				SWIFT_COMPILATION_MODE = wholemodule;
				VALIDATE_PRODUCT = YES;
			};
			name = Release;
		};
		A47E41772B68E49B00D36675 /* Debug */ = {
			isa = XCBuildConfiguration;
			buildSettings = {
				ASSETCATALOG_COMPILER_APPICON_NAME = AppIcon;
				ASSETCATALOG_COMPILER_GLOBAL_ACCENT_COLOR_NAME = AccentColor;
				CODE_SIGN_STYLE = Automatic;
				CURRENT_PROJECT_VERSION = 1;
				DEVELOPMENT_ASSET_PATHS = "\"KidSignApp/Preview Content\"";
				DEVELOPMENT_TEAM = 8TGKB589A2;
				ENABLE_PREVIEWS = YES;
				GENERATE_INFOPLIST_FILE = YES;
				INFOPLIST_KEY_UIApplicationSceneManifest_Generation = YES;
				INFOPLIST_KEY_UIApplicationSupportsIndirectInputEvents = YES;
				INFOPLIST_KEY_UILaunchScreen_Generation = YES;
				INFOPLIST_KEY_UISupportedInterfaceOrientations_iPad = "UIInterfaceOrientationPortrait UIInterfaceOrientationPortraitUpsideDown UIInterfaceOrientationLandscapeLeft UIInterfaceOrientationLandscapeRight";
				INFOPLIST_KEY_UISupportedInterfaceOrientations_iPhone = "UIInterfaceOrientationPortrait UIInterfaceOrientationLandscapeLeft UIInterfaceOrientationLandscapeRight";
				IPHONEOS_DEPLOYMENT_TARGET = 17.2;
				LD_RUNPATH_SEARCH_PATHS = (
					"$(inherited)",
					"@executable_path/Frameworks",
				);
				MARKETING_VERSION = 1.0;
				PRODUCT_BUNDLE_IDENTIFIER = Amal.KidSignApp;
				PRODUCT_NAME = "$(TARGET_NAME)";
				SWIFT_EMIT_LOC_STRINGS = YES;
				SWIFT_VERSION = 5.0;
				TARGETED_DEVICE_FAMILY = "1,2";
			};
			name = Debug;
		};
		A47E41782B68E49B00D36675 /* Release */ = {
			isa = XCBuildConfiguration;
			buildSettings = {
				ASSETCATALOG_COMPILER_APPICON_NAME = AppIcon;
				ASSETCATALOG_COMPILER_GLOBAL_ACCENT_COLOR_NAME = AccentColor;
				CODE_SIGN_STYLE = Automatic;
				CURRENT_PROJECT_VERSION = 1;
				DEVELOPMENT_ASSET_PATHS = "\"KidSignApp/Preview Content\"";
				DEVELOPMENT_TEAM = 8TGKB589A2;
				ENABLE_PREVIEWS = YES;
				GENERATE_INFOPLIST_FILE = YES;
				INFOPLIST_KEY_UIApplicationSceneManifest_Generation = YES;
				INFOPLIST_KEY_UIApplicationSupportsIndirectInputEvents = YES;
				INFOPLIST_KEY_UILaunchScreen_Generation = YES;
				INFOPLIST_KEY_UISupportedInterfaceOrientations_iPad = "UIInterfaceOrientationPortrait UIInterfaceOrientationPortraitUpsideDown UIInterfaceOrientationLandscapeLeft UIInterfaceOrientationLandscapeRight";
				INFOPLIST_KEY_UISupportedInterfaceOrientations_iPhone = "UIInterfaceOrientationPortrait UIInterfaceOrientationLandscapeLeft UIInterfaceOrientationLandscapeRight";
				IPHONEOS_DEPLOYMENT_TARGET = 17.2;
				LD_RUNPATH_SEARCH_PATHS = (
					"$(inherited)",
					"@executable_path/Frameworks",
				);
				MARKETING_VERSION = 1.0;
				PRODUCT_BUNDLE_IDENTIFIER = Amal.KidSignApp;
				PRODUCT_NAME = "$(TARGET_NAME)";
				SWIFT_EMIT_LOC_STRINGS = YES;
				SWIFT_VERSION = 5.0;
				TARGETED_DEVICE_FAMILY = "1,2";
			};
			name = Release;
		};
/* End XCBuildConfiguration section */

/* Begin XCConfigurationList section */
		A47E41632B68E49A00D36675 /* Build configuration list for PBXProject "KidSignApp" */ = {
			isa = XCConfigurationList;
			buildConfigurations = (
				A47E41742B68E49B00D36675 /* Debug */,
				A47E41752B68E49B00D36675 /* Release */,
			);
			defaultConfigurationIsVisible = 0;
			defaultConfigurationName = Release;
		};
		A47E41762B68E49B00D36675 /* Build configuration list for PBXNativeTarget "KidSignApp" */ = {
			isa = XCConfigurationList;
			buildConfigurations = (
				A47E41772B68E49B00D36675 /* Debug */,
				A47E41782B68E49B00D36675 /* Release */,
			);
			defaultConfigurationIsVisible = 0;
			defaultConfigurationName = Release;
		};
/* End XCConfigurationList section */
	};
	rootObject = A47E41602B68E49A00D36675 /* Project object */;
}
